
Microsoft Visual Studio Solution File, Format Version 12.00
# Visual Studio 2013
VisualStudioVersion = 12.0.40629.0
MinimumVisualStudioVersion = 10.0.40219.1
Project("{2150E333-8FDC-42A3-9474-1A3956D46DE8}") = "Complex Domain", "Complex Domain", "{DD01200A-97CA-455F-892B-E3AB3C85D732}"
EndProject
Project("{2150E333-8FDC-42A3-9474-1A3956D46DE8}") = "Matricula", "Matricula", "{C8F4771E-353E-4D92-BC19-91CC6A6DA42C}"
EndProject
Project("{FAE04EC0-301F-11D3-BF4B-00C04F79EFBC}") = "Matricula.Domain", "src\Matricula\Matricula.Domain\Matricula.Domain.csproj", "{88478200-80AB-4456-A330-6D6923AEEDD7}"
EndProject
Project("{2150E333-8FDC-42A3-9474-1A3956D46DE8}") = "Core", "Core", "{D76A7EF7-DF04-46E8-A809-A52F853C6843}"
EndProject
Project("{FAE04EC0-301F-11D3-BF4B-00C04F79EFBC}") = "Core.Domain", "src\Core\Core.Domain\Core.Domain.csproj", "{ABBC1F78-A206-4886-B4E0-8915BCAC4260}"
EndProject
Project("{FAE04EC0-301F-11D3-BF4B-00C04F79EFBC}") = "Matricula.Data", "src\Matricula\Matricula.Data\Matricula.Data.csproj", "{554CB944-46E9-4567-A023-76BF2AEE9959}"
EndProject
Project("{FAE04EC0-301F-11D3-BF4B-00C04F79EFBC}") = "Cadastro.Domain", "src\Cadastro\Cadastro.Domain\Cadastro.Domain.csproj", "{B5BF597B-E78B-431C-8A5B-21B2C4CF5A6E}"
EndProject
Project("{2150E333-8FDC-42A3-9474-1A3956D46DE8}") = "Cadastro", "Cadastro", "{A6AB47BF-B1D3-45F2-B751-B22E0F5A738F}"
EndProject
Project("{FAE04EC0-301F-11D3-BF4B-00C04F79EFBC}") = "Cadastro.Data", "src\Cadastro\Cadastro.Data\Cadastro.Data.csproj", "{2C486132-3E43-4970-8807-863D1F7E9AA5}"
EndProject
Project("{FAE04EC0-301F-11D3-BF4B-00C04F79EFBC}") = "Cadastro.Infra", "src\Cadastro\Cadastro.Infra\Cadastro.Infra.csproj", "{4372390C-84EC-42C1-8534-CE37E5BC0178}"
EndProject
Project("{2150E333-8FDC-42A3-9474-1A3956D46DE8}") = "Server", "Server", "{8943DCF6-1ECE-4FF0-89AF-9E5127A7322D}"
EndProject
Project("{FAE04EC0-301F-11D3-BF4B-00C04F79EFBC}") = "Cadastro.Application", "src\Cadastro\Cadastro.Application\Cadastro.Application.csproj", "{B0DA31F6-54B8-41C2-BBE9-6C901337F901}"
EndProject
Project("{FAE04EC0-301F-11D3-BF4B-00C04F79EFBC}") = "Cadastro.CommandStack", "src\Cadastro\Cadastro.CommandStack\Cadastro.CommandStack.csproj", "{3FBA2C60-8BDA-4C38-BE1E-2ADE98854BA4}"
EndProject
Project("{FAE04EC0-301F-11D3-BF4B-00C04F79EFBC}") = "Core.Infra", "src\Core\Core.Infra\Core.Infra.csproj", "{5723045D-680C-4644-9D50-3621E9CFBAB2}"
EndProject
Project("{FAE04EC0-301F-11D3-BF4B-00C04F79EFBC}") = "Core.Infra.EventStore.SqlServer", "src\Core\Core.Infra.EventStore.SqlServer\Core.Infra.EventStore.SqlServer.csproj", "{6A57C537-143F-4BAD-B64F-F991C36D5880}"
EndProject
Project("{2150E333-8FDC-42A3-9474-1A3956D46DE8}") = "Infra", "Infra", "{82F4F7B4-F32B-45E8-BDBF-07FB6768F1DA}"
EndProject
Project("{FAE04EC0-301F-11D3-BF4B-00C04F79EFBC}") = "Cadastro.Infra.IoC", "src\Cadastro\Cadastro.Infra.IoC\Cadastro.Infra.IoC.csproj", "{049BBC6B-C224-4A79-AFA0-A2DDEB2CF313}"
EndProject
Project("{FAE04EC0-301F-11D3-BF4B-00C04F79EFBC}") = "Cadastro.QueryStack", "src\Cadastro\Cadastro.QueryStack\Cadastro.QueryStack.csproj", "{E5AF6907-3598-4662-945B-1A890D170BCA}"
EndProject
Project("{2150E333-8FDC-42A3-9474-1A3956D46DE8}") = "Domain", "Domain", "{DD608E83-3786-4388-834B-90BB24A07655}"
EndProject
Project("{2150E333-8FDC-42A3-9474-1A3956D46DE8}") = "Application", "Application", "{BE56885D-187C-4CE4-BFAF-DA2DCB212FED}"
EndProject
Project("{2150E333-8FDC-42A3-9474-1A3956D46DE8}") = "CQRS", "CQRS", "{7F830964-46EF-4FE3-BAE5-DCF8FB04061A}"
EndProject
Project("{2150E333-8FDC-42A3-9474-1A3956D46DE8}") = "Data", "Data", "{D8E7AEB6-28CD-4074-870E-3DFB5B80B9DF}"
EndProject
Project("{FAE04EC0-301F-11D3-BF4B-00C04F79EFBC}") = "Cadastro.EventSourcing", "src\Cadastro\Cadastro.EventSourcing\Cadastro.EventSourcing.csproj", "{E4037FB7-CBFE-4B40-BE52-12274DCF7FA0}"
EndProject
Project("{2150E333-8FDC-42A3-9474-1A3956D46DE8}") = ".nuget", ".nuget", "{79E40DE4-44C1-4F6C-B391-895298E64A8C}"
	ProjectSection(SolutionItems) = preProject
		.nuget\NuGet.Config = .nuget\NuGet.Config
		.nuget\NuGet.exe = .nuget\NuGet.exe
		.nuget\NuGet.targets = .nuget\NuGet.targets
	EndProjectSection
EndProject
Project("{FAE04EC0-301F-11D3-BF4B-00C04F79EFBC}") = "Escola.UI.Cadastro", "src\Presentation\Escola.UI.Cadastro\Escola.UI.Cadastro.csproj", "{0191E220-5861-49CF-B44D-AD5C779CD5B6}"
EndProject
Global
	GlobalSection(SolutionConfigurationPlatforms) = preSolution
		Debug|Any CPU = Debug|Any CPU
		Release|Any CPU = Release|Any CPU
	EndGlobalSection
	GlobalSection(ProjectConfigurationPlatforms) = postSolution
		{88478200-80AB-4456-A330-6D6923AEEDD7}.Debug|Any CPU.ActiveCfg = Debug|Any CPU
		{88478200-80AB-4456-A330-6D6923AEEDD7}.Debug|Any CPU.Build.0 = Debug|Any CPU
		{88478200-80AB-4456-A330-6D6923AEEDD7}.Release|Any CPU.ActiveCfg = Release|Any CPU
		{88478200-80AB-4456-A330-6D6923AEEDD7}.Release|Any CPU.Build.0 = Release|Any CPU
		{ABBC1F78-A206-4886-B4E0-8915BCAC4260}.Debug|Any CPU.ActiveCfg = Debug|Any CPU
		{ABBC1F78-A206-4886-B4E0-8915BCAC4260}.Debug|Any CPU.Build.0 = Debug|Any CPU
		{ABBC1F78-A206-4886-B4E0-8915BCAC4260}.Release|Any CPU.ActiveCfg = Release|Any CPU
		{ABBC1F78-A206-4886-B4E0-8915BCAC4260}.Release|Any CPU.Build.0 = Release|Any CPU
		{554CB944-46E9-4567-A023-76BF2AEE9959}.Debug|Any CPU.ActiveCfg = Debug|Any CPU
		{554CB944-46E9-4567-A023-76BF2AEE9959}.Debug|Any CPU.Build.0 = Debug|Any CPU
		{554CB944-46E9-4567-A023-76BF2AEE9959}.Release|Any CPU.ActiveCfg = Release|Any CPU
		{554CB944-46E9-4567-A023-76BF2AEE9959}.Release|Any CPU.Build.0 = Release|Any CPU
		{B5BF597B-E78B-431C-8A5B-21B2C4CF5A6E}.Debug|Any CPU.ActiveCfg = Debug|Any CPU
		{B5BF597B-E78B-431C-8A5B-21B2C4CF5A6E}.Debug|Any CPU.Build.0 = Debug|Any CPU
		{B5BF597B-E78B-431C-8A5B-21B2C4CF5A6E}.Release|Any CPU.ActiveCfg = Release|Any CPU
		{B5BF597B-E78B-431C-8A5B-21B2C4CF5A6E}.Release|Any CPU.Build.0 = Release|Any CPU
		{2C486132-3E43-4970-8807-863D1F7E9AA5}.Debug|Any CPU.ActiveCfg = Debug|Any CPU
		{2C486132-3E43-4970-8807-863D1F7E9AA5}.Debug|Any CPU.Build.0 = Debug|Any CPU
		{2C486132-3E43-4970-8807-863D1F7E9AA5}.Release|Any CPU.ActiveCfg = Release|Any CPU
		{2C486132-3E43-4970-8807-863D1F7E9AA5}.Release|Any CPU.Build.0 = Release|Any CPU
		{4372390C-84EC-42C1-8534-CE37E5BC0178}.Debug|Any CPU.ActiveCfg = Debug|Any CPU
		{4372390C-84EC-42C1-8534-CE37E5BC0178}.Debug|Any CPU.Build.0 = Debug|Any CPU
		{4372390C-84EC-42C1-8534-CE37E5BC0178}.Release|Any CPU.ActiveCfg = Release|Any CPU
		{4372390C-84EC-42C1-8534-CE37E5BC0178}.Release|Any CPU.Build.0 = Release|Any CPU
		{B0DA31F6-54B8-41C2-BBE9-6C901337F901}.Debug|Any CPU.ActiveCfg = Debug|Any CPU
		{B0DA31F6-54B8-41C2-BBE9-6C901337F901}.Debug|Any CPU.Build.0 = Debug|Any CPU
		{B0DA31F6-54B8-41C2-BBE9-6C901337F901}.Release|Any CPU.ActiveCfg = Release|Any CPU
		{B0DA31F6-54B8-41C2-BBE9-6C901337F901}.Release|Any CPU.Build.0 = Release|Any CPU
		{3FBA2C60-8BDA-4C38-BE1E-2ADE98854BA4}.Debug|Any CPU.ActiveCfg = Debug|Any CPU
		{3FBA2C60-8BDA-4C38-BE1E-2ADE98854BA4}.Debug|Any CPU.Build.0 = Debug|Any CPU
		{3FBA2C60-8BDA-4C38-BE1E-2ADE98854BA4}.Release|Any CPU.ActiveCfg = Release|Any CPU
		{3FBA2C60-8BDA-4C38-BE1E-2ADE98854BA4}.Release|Any CPU.Build.0 = Release|Any CPU
		{5723045D-680C-4644-9D50-3621E9CFBAB2}.Debug|Any CPU.ActiveCfg = Debug|Any CPU
		{5723045D-680C-4644-9D50-3621E9CFBAB2}.Debug|Any CPU.Build.0 = Debug|Any CPU
		{5723045D-680C-4644-9D50-3621E9CFBAB2}.Release|Any CPU.ActiveCfg = Release|Any CPU
		{5723045D-680C-4644-9D50-3621E9CFBAB2}.Release|Any CPU.Build.0 = Release|Any CPU
		{6A57C537-143F-4BAD-B64F-F991C36D5880}.Debug|Any CPU.ActiveCfg = Debug|Any CPU
		{6A57C537-143F-4BAD-B64F-F991C36D5880}.Debug|Any CPU.Build.0 = Debug|Any CPU
		{6A57C537-143F-4BAD-B64F-F991C36D5880}.Release|Any CPU.ActiveCfg = Release|Any CPU
		{6A57C537-143F-4BAD-B64F-F991C36D5880}.Release|Any CPU.Build.0 = Release|Any CPU
		{049BBC6B-C224-4A79-AFA0-A2DDEB2CF313}.Debug|Any CPU.ActiveCfg = Debug|Any CPU
		{049BBC6B-C224-4A79-AFA0-A2DDEB2CF313}.Debug|Any CPU.Build.0 = Debug|Any CPU
		{049BBC6B-C224-4A79-AFA0-A2DDEB2CF313}.Release|Any CPU.ActiveCfg = Release|Any CPU
		{049BBC6B-C224-4A79-AFA0-A2DDEB2CF313}.Release|Any CPU.Build.0 = Release|Any CPU
		{E5AF6907-3598-4662-945B-1A890D170BCA}.Debug|Any CPU.ActiveCfg = Debug|Any CPU
		{E5AF6907-3598-4662-945B-1A890D170BCA}.Debug|Any CPU.Build.0 = Debug|Any CPU
		{E5AF6907-3598-4662-945B-1A890D170BCA}.Release|Any CPU.ActiveCfg = Release|Any CPU
		{E5AF6907-3598-4662-945B-1A890D170BCA}.Release|Any CPU.Build.0 = Release|Any CPU
		{E4037FB7-CBFE-4B40-BE52-12274DCF7FA0}.Debug|Any CPU.ActiveCfg = Debug|Any CPU
		{E4037FB7-CBFE-4B40-BE52-12274DCF7FA0}.Debug|Any CPU.Build.0 = Debug|Any CPU
		{E4037FB7-CBFE-4B40-BE52-12274DCF7FA0}.Release|Any CPU.ActiveCfg = Release|Any CPU
		{E4037FB7-CBFE-4B40-BE52-12274DCF7FA0}.Release|Any CPU.Build.0 = Release|Any CPU
		{0191E220-5861-49CF-B44D-AD5C779CD5B6}.Debug|Any CPU.ActiveCfg = Debug|Any CPU
		{0191E220-5861-49CF-B44D-AD5C779CD5B6}.Debug|Any CPU.Build.0 = Debug|Any CPU
		{0191E220-5861-49CF-B44D-AD5C779CD5B6}.Release|Any CPU.ActiveCfg = Release|Any CPU
		{0191E220-5861-49CF-B44D-AD5C779CD5B6}.Release|Any CPU.Build.0 = Release|Any CPU
	EndGlobalSection
	GlobalSection(SolutionProperties) = preSolution
		HideSolutionNode = FALSE
	EndGlobalSection
	GlobalSection(NestedProjects) = preSolution
		{C8F4771E-353E-4D92-BC19-91CC6A6DA42C} = {DD01200A-97CA-455F-892B-E3AB3C85D732}
		{88478200-80AB-4456-A330-6D6923AEEDD7} = {C8F4771E-353E-4D92-BC19-91CC6A6DA42C}
		{D76A7EF7-DF04-46E8-A809-A52F853C6843} = {DD01200A-97CA-455F-892B-E3AB3C85D732}
		{ABBC1F78-A206-4886-B4E0-8915BCAC4260} = {D76A7EF7-DF04-46E8-A809-A52F853C6843}
		{554CB944-46E9-4567-A023-76BF2AEE9959} = {C8F4771E-353E-4D92-BC19-91CC6A6DA42C}
		{B5BF597B-E78B-431C-8A5B-21B2C4CF5A6E} = {DD608E83-3786-4388-834B-90BB24A07655}
		{A6AB47BF-B1D3-45F2-B751-B22E0F5A738F} = {DD01200A-97CA-455F-892B-E3AB3C85D732}
		{2C486132-3E43-4970-8807-863D1F7E9AA5} = {D8E7AEB6-28CD-4074-870E-3DFB5B80B9DF}
		{4372390C-84EC-42C1-8534-CE37E5BC0178} = {82F4F7B4-F32B-45E8-BDBF-07FB6768F1DA}
		{B0DA31F6-54B8-41C2-BBE9-6C901337F901} = {BE56885D-187C-4CE4-BFAF-DA2DCB212FED}
		{3FBA2C60-8BDA-4C38-BE1E-2ADE98854BA4} = {7F830964-46EF-4FE3-BAE5-DCF8FB04061A}
		{5723045D-680C-4644-9D50-3621E9CFBAB2} = {D76A7EF7-DF04-46E8-A809-A52F853C6843}
		{6A57C537-143F-4BAD-B64F-F991C36D5880} = {D76A7EF7-DF04-46E8-A809-A52F853C6843}
		{82F4F7B4-F32B-45E8-BDBF-07FB6768F1DA} = {A6AB47BF-B1D3-45F2-B751-B22E0F5A738F}
		{049BBC6B-C224-4A79-AFA0-A2DDEB2CF313} = {82F4F7B4-F32B-45E8-BDBF-07FB6768F1DA}
		{E5AF6907-3598-4662-945B-1A890D170BCA} = {7F830964-46EF-4FE3-BAE5-DCF8FB04061A}
		{DD608E83-3786-4388-834B-90BB24A07655} = {A6AB47BF-B1D3-45F2-B751-B22E0F5A738F}
		{BE56885D-187C-4CE4-BFAF-DA2DCB212FED} = {A6AB47BF-B1D3-45F2-B751-B22E0F5A738F}
		{7F830964-46EF-4FE3-BAE5-DCF8FB04061A} = {A6AB47BF-B1D3-45F2-B751-B22E0F5A738F}
		{D8E7AEB6-28CD-4074-870E-3DFB5B80B9DF} = {A6AB47BF-B1D3-45F2-B751-B22E0F5A738F}
		{E4037FB7-CBFE-4B40-BE52-12274DCF7FA0} = {7F830964-46EF-4FE3-BAE5-DCF8FB04061A}
		{0191E220-5861-49CF-B44D-AD5C779CD5B6} = {8943DCF6-1ECE-4FF0-89AF-9E5127A7322D}
	EndGlobalSection
EndGlobal
